
Microsoft Visual Studio Solution File, Format Version 12.00
# Visual Studio 14
VisualStudioVersion = 14.0.24720.0
MinimumVisualStudioVersion = 10.0.40219.1
Project("{581633EB-B896-402F-8E60-36F3DA191C85}") = "MPQTracker", "MPQTracker\MPQTracker.lsxtproj", "{F98FF1D0-E39D-4DFC-8B85-5637B78E4B46}"
EndProject
Project("{FAE04EC0-301F-11D3-BF4B-00C04F79EFBC}") = "MPQTracker.Server", "MPQTracker\MPQTracker.Server\MPQTracker.Server.csproj", "{2D29EFCB-9428-42F1-B9A7-14A0A4C109DD}"
EndProject
Project("{262852C6-CD72-467D-83FE-5EEB1973A190}") = "MPQTracker.HTMLClient", "MPQTracker\MPQTracker.HTMLClient\MPQTracker.HTMLClient.jsproj", "{19C51B88-A7CF-416F-A147-0A6236172107}"
EndProject
Project("{00D1A9C2-B5F0-4AF3-8072-F6C62B433612}") = "MPQTrackerDB", "MPQTrackerDB\MPQTrackerDB.sqlproj", "{9658ABE3-7869-498A-BF29-1556829749AF}"
EndProject
Project("{FAE04EC0-301F-11D3-BF4B-00C04F79EFBC}") = "MPQTracker.DesktopClient", "MPQTracker\MPQTracker.DesktopClient\MPQTracker.DesktopClient.csproj", "{9C94299C-47CF-4B72-9039-FFD7AEFC536D}"
EndProject
Global
	GlobalSection(SolutionConfigurationPlatforms) = preSolution
		Debug|Any CPU = Debug|Any CPU
		Release|Any CPU = Release|Any CPU
	EndGlobalSection
	GlobalSection(ProjectConfigurationPlatforms) = postSolution
		{F98FF1D0-E39D-4DFC-8B85-5637B78E4B46}.Debug|Any CPU.ActiveCfg = Debug|Any CPU
		{F98FF1D0-E39D-4DFC-8B85-5637B78E4B46}.Debug|Any CPU.Build.0 = Debug|Any CPU
		{F98FF1D0-E39D-4DFC-8B85-5637B78E4B46}.Release|Any CPU.ActiveCfg = Release|Any CPU
		{F98FF1D0-E39D-4DFC-8B85-5637B78E4B46}.Release|Any CPU.Build.0 = Release|Any CPU
		{2D29EFCB-9428-42F1-B9A7-14A0A4C109DD}.Debug|Any CPU.ActiveCfg = Debug|Any CPU
		{2D29EFCB-9428-42F1-B9A7-14A0A4C109DD}.Debug|Any CPU.Build.0 = Debug|Any CPU
		{2D29EFCB-9428-42F1-B9A7-14A0A4C109DD}.Release|Any CPU.ActiveCfg = Release|Any CPU
		{2D29EFCB-9428-42F1-B9A7-14A0A4C109DD}.Release|Any CPU.Build.0 = Release|Any CPU
		{19C51B88-A7CF-416F-A147-0A6236172107}.Debug|Any CPU.ActiveCfg = Debug|Any CPU
		{19C51B88-A7CF-416F-A147-0A6236172107}.Debug|Any CPU.Build.0 = Debug|Any CPU
		{19C51B88-A7CF-416F-A147-0A6236172107}.Release|Any CPU.ActiveCfg = Release|Any CPU
		{19C51B88-A7CF-416F-A147-0A6236172107}.Release|Any CPU.Build.0 = Release|Any CPU
		{9658ABE3-7869-498A-BF29-1556829749AF}.Debug|Any CPU.ActiveCfg = Debug|Any CPU
		{9658ABE3-7869-498A-BF29-1556829749AF}.Debug|Any CPU.Build.0 = Debug|Any CPU
		{9658ABE3-7869-498A-BF29-1556829749AF}.Debug|Any CPU.Deploy.0 = Debug|Any CPU
		{9658ABE3-7869-498A-BF29-1556829749AF}.Release|Any CPU.ActiveCfg = Release|Any CPU
		{9658ABE3-7869-498A-BF29-1556829749AF}.Release|Any CPU.Build.0 = Release|Any CPU
		{9658ABE3-7869-498A-BF29-1556829749AF}.Release|Any CPU.Deploy.0 = Release|Any CPU
		{9C94299C-47CF-4B72-9039-FFD7AEFC536D}.Debug|Any CPU.ActiveCfg = Debug|Any CPU
		{9C94299C-47CF-4B72-9039-FFD7AEFC536D}.Debug|Any CPU.Build.0 = Debug|Any CPU
		{9C94299C-47CF-4B72-9039-FFD7AEFC536D}.Release|Any CPU.ActiveCfg = Release|Any CPU
		{9C94299C-47CF-4B72-9039-FFD7AEFC536D}.Release|Any CPU.Build.0 = Release|Any CPU
	EndGlobalSection
	GlobalSection(SolutionProperties) = preSolution
		HideSolutionNode = FALSE
	EndGlobalSection
EndGlobal
